
Microsoft Visual Studio Solution File, Format Version 12.00
# Visual Studio Version 16
VisualStudioVersion = 16.0.30310.162
MinimumVisualStudioVersion = 10.0.40219.1
Project("{FAE04EC0-301F-11D3-BF4B-00C04F79EFBC}") = "number_guessing_game", "number_guessing_game\number_guessing_game.csproj", "{9AD89440-747D-4445-8E50-6E36E43F2BDF}"
EndProject
Global
	GlobalSection(SolutionConfigurationPlatforms) = preSolution
		Debug|Any CPU = Debug|Any CPU
		Release|Any CPU = Release|Any CPU
	EndGlobalSection
	GlobalSection(ProjectConfigurationPlatforms) = postSolution
		{9AD89440-747D-4445-8E50-6E36E43F2BDF}.Debug|Any CPU.ActiveCfg = Debug|Any CPU
		{9AD89440-747D-4445-8E50-6E36E43F2BDF}.Debug|Any CPU.Build.0 = Debug|Any CPU
		{9AD89440-747D-4445-8E50-6E36E43F2BDF}.Release|Any CPU.ActiveCfg = Release|Any CPU
		{9AD89440-747D-4445-8E50-6E36E43F2BDF}.Release|Any CPU.Build.0 = Release|Any CPU
	EndGlobalSection
	GlobalSection(SolutionProperties) = preSolution
		HideSolutionNode = FALSE
	EndGlobalSection
	GlobalSection(ExtensibilityGlobals) = postSolution
		SolutionGuid = {CC030AD2-447C-40DB-A2B3-50A9CC64C419}
	EndGlobalSection
EndGlobal
